// !$*UTF8*$!
{
	archiveVersion = 1;
	classes = {
	};
	objectVersion = 56;
	objects = {

/* Begin PBXBuildFile section */
		041C153F2A72DAD600DCFC39 /* AppDelegate.swift in Sources */ = {isa = PBXBuildFile; fileRef = 041C153E2A72DAD600DCFC39 /* AppDelegate.swift */; };
		041C15412A72DAD600DCFC39 /* SceneDelegate.swift in Sources */ = {isa = PBXBuildFile; fileRef = 041C15402A72DAD600DCFC39 /* SceneDelegate.swift */; };
		041C15462A72DAD600DCFC39 /* Main.storyboard in Resources */ = {isa = PBXBuildFile; fileRef = 041C15442A72DAD600DCFC39 /* Main.storyboard */; };
		041C154B2A72DAD700DCFC39 /* Assets.xcassets in Resources */ = {isa = PBXBuildFile; fileRef = 041C154A2A72DAD700DCFC39 /* Assets.xcassets */; };
		041C154E2A72DAD700DCFC39 /* LaunchScreen.storyboard in Resources */ = {isa = PBXBuildFile; fileRef = 041C154C2A72DAD700DCFC39 /* LaunchScreen.storyboard */; };
		041C15562A72E66500DCFC39 /* EmojiTableViewController.swift in Sources */ = {isa = PBXBuildFile; fileRef = 041C15552A72E66500DCFC39 /* EmojiTableViewController.swift */; };
		041C15582A72E6E700DCFC39 /* EmojiAPI_helper.swift in Sources */ = {isa = PBXBuildFile; fileRef = 041C15572A72E6E700DCFC39 /* EmojiAPI_helper.swift */; };
		041C155A2A72F45600DCFC39 /* Emoji.swift in Sources */ = {isa = PBXBuildFile; fileRef = 041C15592A72F45600DCFC39 /* Emoji.swift */; };
		04A2E7D62A81569B0089F842 /* MyEmojiCell.swift in Sources */ = {isa = PBXBuildFile; fileRef = 04A2E7D52A81569B0089F842 /* MyEmojiCell.swift */; };
		04A2E7D82A8174D30089F842 /* EmojiDataViewController.swift in Sources */ = {isa = PBXBuildFile; fileRef = 04A2E7D72A8174D30089F842 /* EmojiDataViewController.swift */; };
		A3374D502A882786003E43F9 /* EmojiModel.xcdatamodeld in Sources */ = {isa = PBXBuildFile; fileRef = A3374D4E2A882786003E43F9 /* EmojiModel.xcdatamodeld */; };
		A3374D5B2A88370E003E43F9 /* EmojiModel+CoreDataClass.swift in Sources */ = {isa = PBXBuildFile; fileRef = A3374D592A88370E003E43F9 /* EmojiModel+CoreDataClass.swift */; };
		A3374D5C2A88370E003E43F9 /* EmojiModel+CoreDataProperties.swift in Sources */ = {isa = PBXBuildFile; fileRef = A3374D5A2A88370E003E43F9 /* EmojiModel+CoreDataProperties.swift */; };
		A33B30022A8866B300904A49 /* FavouriteTableViewController.swift in Sources */ = {isa = PBXBuildFile; fileRef = A33B30012A8866B300904A49 /* FavouriteTableViewController.swift */; };
/* End PBXBuildFile section */

/* Begin PBXFileReference section */
		041C153B2A72DAD600DCFC39 /* EmojiApp.app */ = {isa = PBXFileReference; explicitFileType = wrapper.application; includeInIndex = 0; path = EmojiApp.app; sourceTree = BUILT_PRODUCTS_DIR; };
		041C153E2A72DAD600DCFC39 /* AppDelegate.swift */ = {isa = PBXFileReference; lastKnownFileType = sourcecode.swift; path = AppDelegate.swift; sourceTree = "<group>"; };
		041C15402A72DAD600DCFC39 /* SceneDelegate.swift */ = {isa = PBXFileReference; lastKnownFileType = sourcecode.swift; path = SceneDelegate.swift; sourceTree = "<group>"; };
		041C15452A72DAD600DCFC39 /* Base */ = {isa = PBXFileReference; lastKnownFileType = file.storyboard; name = Base; path = Base.lproj/Main.storyboard; sourceTree = "<group>"; };
		041C154A2A72DAD700DCFC39 /* Assets.xcassets */ = {isa = PBXFileReference; lastKnownFileType = folder.assetcatalog; path = Assets.xcassets; sourceTree = "<group>"; };
		041C154D2A72DAD700DCFC39 /* Base */ = {isa = PBXFileReference; lastKnownFileType = file.storyboard; name = Base; path = Base.lproj/LaunchScreen.storyboard; sourceTree = "<group>"; };
		041C154F2A72DAD700DCFC39 /* Info.plist */ = {isa = PBXFileReference; lastKnownFileType = text.plist.xml; path = Info.plist; sourceTree = "<group>"; };
		041C15552A72E66500DCFC39 /* EmojiTableViewController.swift */ = {isa = PBXFileReference; lastKnownFileType = sourcecode.swift; path = EmojiTableViewController.swift; sourceTree = "<group>"; };
		041C15572A72E6E700DCFC39 /* EmojiAPI_helper.swift */ = {isa = PBXFileReference; lastKnownFileType = sourcecode.swift; path = EmojiAPI_helper.swift; sourceTree = "<group>"; };
		041C15592A72F45600DCFC39 /* Emoji.swift */ = {isa = PBXFileReference; lastKnownFileType = sourcecode.swift; path = Emoji.swift; sourceTree = "<group>"; };
		04A2E7D52A81569B0089F842 /* MyEmojiCell.swift */ = {isa = PBXFileReference; lastKnownFileType = sourcecode.swift; path = MyEmojiCell.swift; sourceTree = "<group>"; };
		04A2E7D72A8174D30089F842 /* EmojiDataViewController.swift */ = {isa = PBXFileReference; lastKnownFileType = sourcecode.swift; path = EmojiDataViewController.swift; sourceTree = "<group>"; };
		A3374D4F2A882786003E43F9 /* EmojiModel.xcdatamodel */ = {isa = PBXFileReference; lastKnownFileType = wrapper.xcdatamodel; path = EmojiModel.xcdatamodel; sourceTree = "<group>"; };
		A3374D592A88370E003E43F9 /* EmojiModel+CoreDataClass.swift */ = {isa = PBXFileReference; lastKnownFileType = sourcecode.swift; path = "EmojiModel+CoreDataClass.swift"; sourceTree = "<group>"; };
		A3374D5A2A88370E003E43F9 /* EmojiModel+CoreDataProperties.swift */ = {isa = PBXFileReference; lastKnownFileType = sourcecode.swift; path = "EmojiModel+CoreDataProperties.swift"; sourceTree = "<group>"; };
		A33B30012A8866B300904A49 /* FavouriteTableViewController.swift */ = {isa = PBXFileReference; lastKnownFileType = sourcecode.swift; path = FavouriteTableViewController.swift; sourceTree = "<group>"; };
/* End PBXFileReference section */

/* Begin PBXFrameworksBuildPhase section */
		041C15382A72DAD600DCFC39 /* Frameworks */ = {
			isa = PBXFrameworksBuildPhase;
			buildActionMask = 2147483647;
			files = (
			);
			runOnlyForDeploymentPostprocessing = 0;
		};
/* End PBXFrameworksBuildPhase section */

/* Begin PBXGroup section */
		041C15322A72DAD600DCFC39 = {
			isa = PBXGroup;
			children = (
				A3374D592A88370E003E43F9 /* EmojiModel+CoreDataClass.swift */,
				A3374D5A2A88370E003E43F9 /* EmojiModel+CoreDataProperties.swift */,
				041C153D2A72DAD600DCFC39 /* EmojiApp */,
				041C153C2A72DAD600DCFC39 /* Products */,
			);
			sourceTree = "<group>";
		};
		041C153C2A72DAD600DCFC39 /* Products */ = {
			isa = PBXGroup;
			children = (
				041C153B2A72DAD600DCFC39 /* EmojiApp.app */,
			);
			name = Products;
			sourceTree = "<group>";
		};
		041C153D2A72DAD600DCFC39 /* EmojiApp */ = {
			isa = PBXGroup;
			children = (
				041C153E2A72DAD600DCFC39 /* AppDelegate.swift */,
				041C15402A72DAD600DCFC39 /* SceneDelegate.swift */,
				041C15442A72DAD600DCFC39 /* Main.storyboard */,
				A33B30012A8866B300904A49 /* FavouriteTableViewController.swift */,
				041C154A2A72DAD700DCFC39 /* Assets.xcassets */,
				041C154C2A72DAD700DCFC39 /* LaunchScreen.storyboard */,
				041C154F2A72DAD700DCFC39 /* Info.plist */,
				041C15552A72E66500DCFC39 /* EmojiTableViewController.swift */,
				041C15572A72E6E700DCFC39 /* EmojiAPI_helper.swift */,
				041C15592A72F45600DCFC39 /* Emoji.swift */,
				04A2E7D52A81569B0089F842 /* MyEmojiCell.swift */,
				04A2E7D72A8174D30089F842 /* EmojiDataViewController.swift */,
				A3374D4E2A882786003E43F9 /* EmojiModel.xcdatamodeld */,
			);
			path = EmojiApp;
			sourceTree = "<group>";
		};
/* End PBXGroup section */

/* Begin PBXNativeTarget section */
		041C153A2A72DAD600DCFC39 /* EmojiApp */ = {
			isa = PBXNativeTarget;
			buildConfigurationList = 041C15522A72DAD700DCFC39 /* Build configuration list for PBXNativeTarget "EmojiApp" */;
			buildPhases = (
				041C15372A72DAD600DCFC39 /* Sources */,
				041C15382A72DAD600DCFC39 /* Frameworks */,
				041C15392A72DAD600DCFC39 /* Resources */,
			);
			buildRules = (
			);
			dependencies = (
			);
			name = EmojiApp;
			productName = EmojiApp;
			productReference = 041C153B2A72DAD600DCFC39 /* EmojiApp.app */;
			productType = "com.apple.product-type.application";
		};
/* End PBXNativeTarget section */

/* Begin PBXProject section */
		041C15332A72DAD600DCFC39 /* Project object */ = {
			isa = PBXProject;
			attributes = {
				BuildIndependentTargetsInParallel = 1;
				LastSwiftUpdateCheck = 1420;
				LastUpgradeCheck = 1420;
				TargetAttributes = {
					041C153A2A72DAD600DCFC39 = {
						CreatedOnToolsVersion = 14.2;
					};
				};
			};
			buildConfigurationList = 041C15362A72DAD600DCFC39 /* Build configuration list for PBXProject "EmojiApp" */;
			compatibilityVersion = "Xcode 14.0";
			developmentRegion = en;
			hasScannedForEncodings = 0;
			knownRegions = (
				en,
				Base,
			);
			mainGroup = 041C15322A72DAD600DCFC39;
			productRefGroup = 041C153C2A72DAD600DCFC39 /* Products */;
			projectDirPath = "";
			projectRoot = "";
			targets = (
				041C153A2A72DAD600DCFC39 /* EmojiApp */,
			);
		};
/* End PBXProject section */

/* Begin PBXResourcesBuildPhase section */
		041C15392A72DAD600DCFC39 /* Resources */ = {
			isa = PBXResourcesBuildPhase;
			buildActionMask = 2147483647;
			files = (
				041C154E2A72DAD700DCFC39 /* LaunchScreen.storyboard in Resources */,
				041C154B2A72DAD700DCFC39 /* Assets.xcassets in Resources */,
				041C15462A72DAD600DCFC39 /* Main.storyboard in Resources */,
			);
			runOnlyForDeploymentPostprocessing = 0;
		};
/* End PBXResourcesBuildPhase section */

/* Begin PBXSourcesBuildPhase section */
		041C15372A72DAD600DCFC39 /* Sources */ = {
			isa = PBXSourcesBuildPhase;
			buildActionMask = 2147483647;
			files = (
				A3374D5C2A88370E003E43F9 /* EmojiModel+CoreDataProperties.swift in Sources */,
				A33B30022A8866B300904A49 /* FavouriteTableViewController.swift in Sources */,
				041C155A2A72F45600DCFC39 /* Emoji.swift in Sources */,
				041C15562A72E66500DCFC39 /* EmojiTableViewController.swift in Sources */,
				041C153F2A72DAD600DCFC39 /* AppDelegate.swift in Sources */,
				A3374D502A882786003E43F9 /* EmojiModel.xcdatamodeld in Sources */,
				04A2E7D62A81569B0089F842 /* MyEmojiCell.swift in Sources */,
				04A2E7D82A8174D30089F842 /* EmojiDataViewController.swift in Sources */,
				041C15582A72E6E700DCFC39 /* EmojiAPI_helper.swift in Sources */,
				A3374D5B2A88370E003E43F9 /* EmojiModel+CoreDataClass.swift in Sources */,
				041C15412A72DAD600DCFC39 /* SceneDelegate.swift in Sources */,
			);
			runOnlyForDeploymentPostprocessing = 0;
		};
/* End PBXSourcesBuildPhase section */

/* Begin PBXVariantGroup section */
		041C15442A72DAD600DCFC39 /* Main.storyboard */ = {
			isa = PBXVariantGroup;
			children = (
				041C15452A72DAD600DCFC39 /* Base */,
			);
			name = Main.storyboard;
			sourceTree = "<group>";
		};
		041C154C2A72DAD700DCFC39 /* LaunchScreen.storyboard */ = {
			isa = PBXVariantGroup;
			children = (
				041C154D2A72DAD700DCFC39 /* Base */,
			);
			name = LaunchScreen.storyboard;
			sourceTree = "<group>";
		};
/* End PBXVariantGroup section */

/* Begin XCBuildConfiguration section */
		041C15502A72DAD700DCFC39 /* Debug */ = {
			isa = XCBuildConfiguration;
			buildSettings = {
				ALWAYS_SEARCH_USER_PATHS = NO;
				CLANG_ANALYZER_NONNULL = YES;
				CLANG_ANALYZER_NUMBER_OBJECT_CONVERSION = YES_AGGRESSIVE;
				CLANG_CXX_LANGUAGE_STANDARD = "gnu++20";
				CLANG_ENABLE_MODULES = YES;
				CLANG_ENABLE_OBJC_ARC = YES;
				CLANG_ENABLE_OBJC_WEAK = YES;
				CLANG_WARN_BLOCK_CAPTURE_AUTORELEASING = YES;
				CLANG_WARN_BOOL_CONVERSION = YES;
				CLANG_WARN_COMMA = YES;
				CLANG_WARN_CONSTANT_CONVERSION = YES;
				CLANG_WARN_DEPRECATED_OBJC_IMPLEMENTATIONS = YES;
				CLANG_WARN_DIRECT_OBJC_ISA_USAGE = YES_ERROR;
				CLANG_WARN_DOCUMENTATION_COMMENTS = YES;
				CLANG_WARN_EMPTY_BODY = YES;
				CLANG_WARN_ENUM_CONVERSION = YES;
				CLANG_WARN_INFINITE_RECURSION = YES;
				CLANG_WARN_INT_CONVERSION = YES;
				CLANG_WARN_NON_LITERAL_NULL_CONVERSION = YES;
				CLANG_WARN_OBJC_IMPLICIT_RETAIN_SELF = YES;
				CLANG_WARN_OBJC_LITERAL_CONVERSION = YES;
				CLANG_WARN_OBJC_ROOT_CLASS = YES_ERROR;
				CLANG_WARN_QUOTED_INCLUDE_IN_FRAMEWORK_HEADER = YES;
				CLANG_WARN_RANGE_LOOP_ANALYSIS = YES;
				CLANG_WARN_STRICT_PROTOTYPES = YES;
				CLANG_WARN_SUSPICIOUS_MOVE = YES;
				CLANG_WARN_UNGUARDED_AVAILABILITY = YES_AGGRESSIVE;
				CLANG_WARN_UNREACHABLE_CODE = YES;
				CLANG_WARN__DUPLICATE_METHOD_MATCH = YES;
				COPY_PHASE_STRIP = NO;
				DEBUG_INFORMATION_FORMAT = dwarf;
				ENABLE_STRICT_OBJC_MSGSEND = YES;
				ENABLE_TESTABILITY = YES;
				GCC_C_LANGUAGE_STANDARD = gnu11;
				GCC_DYNAMIC_NO_PIC = NO;
				GCC_NO_COMMON_BLOCKS = YES;
				GCC_OPTIMIZATION_LEVEL = 0;
				GCC_PREPROCESSOR_DEFINITIONS = (
					"DEBUG=1",
					"$(inherited)",
				);
				GCC_WARN_64_TO_32_BIT_CONVERSION = YES;
				GCC_WARN_ABOUT_RETURN_TYPE = YES_ERROR;
				GCC_WARN_UNDECLARED_SELECTOR = YES;
				GCC_WARN_UNINITIALIZED_AUTOS = YES_AGGRESSIVE;
				GCC_WARN_UNUSED_FUNCTION = YES;
				GCC_WARN_UNUSED_VARIABLE = YES;
				IPHONEOS_DEPLOYMENT_TARGET = 16.2;
				MTL_ENABLE_DEBUG_INFO = INCLUDE_SOURCE;
				MTL_FAST_MATH = YES;
				ONLY_ACTIVE_ARCH = YES;
				SDKROOT = iphoneos;
				SWIFT_ACTIVE_COMPILATION_CONDITIONS = DEBUG;
				SWIFT_OPTIMIZATION_LEVEL = "-Onone";
			};
			name = Debug;
		};
		041C15512A72DAD700DCFC39 /* Release */ = {
			isa = XCBuildConfiguration;
			buildSettings = {
				ALWAYS_SEARCH_USER_PATHS = NO;
				CLANG_ANALYZER_NONNULL = YES;
				CLANG_ANALYZER_NUMBER_OBJECT_CONVERSION = YES_AGGRESSIVE;
				CLANG_CXX_LANGUAGE_STANDARD = "gnu++20";
				CLANG_ENABLE_MODULES = YES;
				CLANG_ENABLE_OBJC_ARC = YES;
				CLANG_ENABLE_OBJC_WEAK = YES;
				CLANG_WARN_BLOCK_CAPTURE_AUTORELEASING = YES;
				CLANG_WARN_BOOL_CONVERSION = YES;
				CLANG_WARN_COMMA = YES;
				CLANG_WARN_CONSTANT_CONVERSION = YES;
				CLANG_WARN_DEPRECATED_OBJC_IMPLEMENTATIONS = YES;
				CLANG_WARN_DIRECT_OBJC_ISA_USAGE = YES_ERROR;
				CLANG_WARN_DOCUMENTATION_COMMENTS = YES;
				CLANG_WARN_EMPTY_BODY = YES;
				CLANG_WARN_ENUM_CONVERSION = YES;
				CLANG_WARN_INFINITE_RECURSION = YES;
				CLANG_WARN_INT_CONVERSION = YES;
				CLANG_WARN_NON_LITERAL_NULL_CONVERSION = YES;
				CLANG_WARN_OBJC_IMPLICIT_RETAIN_SELF = YES;
				CLANG_WARN_OBJC_LITERAL_CONVERSION = YES;
				CLANG_WARN_OBJC_ROOT_CLASS = YES_ERROR;
				CLANG_WARN_QUOTED_INCLUDE_IN_FRAMEWORK_HEADER = YES;
				CLANG_WARN_RANGE_LOOP_ANALYSIS = YES;
				CLANG_WARN_STRICT_PROTOTYPES = YES;
				CLANG_WARN_SUSPICIOUS_MOVE = YES;
				CLANG_WARN_UNGUARDED_AVAILABILITY = YES_AGGRESSIVE;
				CLANG_WARN_UNREACHABLE_CODE = YES;
				CLANG_WARN__DUPLICATE_METHOD_MATCH = YES;
				COPY_PHASE_STRIP = NO;
				DEBUG_INFORMATION_FORMAT = "dwarf-with-dsym";
				ENABLE_NS_ASSERTIONS = NO;
				ENABLE_STRICT_OBJC_MSGSEND = YES;
				GCC_C_LANGUAGE_STANDARD = gnu11;
				GCC_NO_COMMON_BLOCKS = YES;
				GCC_WARN_64_TO_32_BIT_CONVERSION = YES;
				GCC_WARN_ABOUT_RETURN_TYPE = YES_ERROR;
				GCC_WARN_UNDECLARED_SELECTOR = YES;
				GCC_WARN_UNINITIALIZED_AUTOS = YES_AGGRESSIVE;
				GCC_WARN_UNUSED_FUNCTION = YES;
				GCC_WARN_UNUSED_VARIABLE = YES;
				IPHONEOS_DEPLOYMENT_TARGET = 16.2;
				MTL_ENABLE_DEBUG_INFO = NO;
				MTL_FAST_MATH = YES;
				SDKROOT = iphoneos;
				SWIFT_COMPILATION_MODE = wholemodule;
				SWIFT_OPTIMIZATION_LEVEL = "-O";
				VALIDATE_PRODUCT = YES;
			};
			name = Release;
		};
		041C15532A72DAD700DCFC39 /* Debug */ = {
			isa = XCBuildConfiguration;
			buildSettings = {
				ASSETCATALOG_COMPILER_APPICON_NAME = AppIcon;
				ASSETCATALOG_COMPILER_GLOBAL_ACCENT_COLOR_NAME = AccentColor;
				CODE_SIGN_STYLE = Automatic;
				CURRENT_PROJECT_VERSION = 1;
				GENERATE_INFOPLIST_FILE = YES;
				INFOPLIST_FILE = EmojiApp/Info.plist;
				INFOPLIST_KEY_UIApplicationSupportsIndirectInputEvents = YES;
				INFOPLIST_KEY_UILaunchStoryboardName = LaunchScreen;
				INFOPLIST_KEY_UIMainStoryboardFile = Main;
				INFOPLIST_KEY_UISupportedInterfaceOrientations_iPad = "UIInterfaceOrientationPortrait UIInterfaceOrientationPortraitUpsideDown UIInterfaceOrientationLandscapeLeft UIInterfaceOrientationLandscapeRight";
				INFOPLIST_KEY_UISupportedInterfaceOrientations_iPhone = "UIInterfaceOrientationPortrait UIInterfaceOrientationLandscapeLeft UIInterfaceOrientationLandscapeRight";
				LD_RUNPATH_SEARCH_PATHS = (
					"$(inherited)",
					"@executable_path/Frameworks",
				);
				MARKETING_VERSION = 1.0;
				PRODUCT_BUNDLE_IDENTIFIER = "Cambrian-College.EmojiApp";
				PRODUCT_NAME = "$(TARGET_NAME)";
				SWIFT_EMIT_LOC_STRINGS = YES;
				SWIFT_VERSION = 5.0;
				TARGETED_DEVICE_FAMILY = "1,2";
			};
			name = Debug;
		};
		041C15542A72DAD700DCFC39 /* Release */ = {
			isa = XCBuildConfiguration;
			buildSettings = {
				ASSETCATALOG_COMPILER_APPICON_NAME = AppIcon;
				ASSETCATALOG_COMPILER_GLOBAL_ACCENT_COLOR_NAME = AccentColor;
				CODE_SIGN_STYLE = Automatic;
				CURRENT_PROJECT_VERSION = 1;
				GENERATE_INFOPLIST_FILE = YES;
				INFOPLIST_FILE = EmojiApp/Info.plist;
				INFOPLIST_KEY_UIApplicationSupportsIndirectInputEvents = YES;
				INFOPLIST_KEY_UILaunchStoryboardName = LaunchScreen;
				INFOPLIST_KEY_UIMainStoryboardFile = Main;
				INFOPLIST_KEY_UISupportedInterfaceOrientations_iPad = "UIInterfaceOrientationPortrait UIInterfaceOrientationPortraitUpsideDown UIInterfaceOrientationLandscapeLeft UIInterfaceOrientationLandscapeRight";
				INFOPLIST_KEY_UISupportedInterfaceOrientations_iPhone = "UIInterfaceOrientationPortrait UIInterfaceOrientationLandscapeLeft UIInterfaceOrientationLandscapeRight";
				LD_RUNPATH_SEARCH_PATHS = (
					"$(inherited)",
					"@executable_path/Frameworks",
				);
				MARKETING_VERSION = 1.0;
				PRODUCT_BUNDLE_IDENTIFIER = "Cambrian-College.EmojiApp";
				PRODUCT_NAME = "$(TARGET_NAME)";
				SWIFT_EMIT_LOC_STRINGS = YES;
				SWIFT_VERSION = 5.0;
				TARGETED_DEVICE_FAMILY = "1,2";
			};
			name = Release;
		};
/* End XCBuildConfiguration section */

/* Begin XCConfigurationList section */
		041C15362A72DAD600DCFC39 /* Build configuration list for PBXProject "EmojiApp" */ = {
			isa = XCConfigurationList;
			buildConfigurations = (
				041C15502A72DAD700DCFC39 /* Debug */,
				041C15512A72DAD700DCFC39 /* Release */,
			);
			defaultConfigurationIsVisible = 0;
			defaultConfigurationName = Release;
		};
		041C15522A72DAD700DCFC39 /* Build configuration list for PBXNativeTarget "EmojiApp" */ = {
			isa = XCConfigurationList;
			buildConfigurations = (
				041C15532A72DAD700DCFC39 /* Debug */,
				041C15542A72DAD700DCFC39 /* Release */,
			);
			defaultConfigurationIsVisible = 0;
			defaultConfigurationName = Release;
		};
/* End XCConfigurationList section */

/* Begin XCVersionGroup section */
		A3374D4E2A882786003E43F9 /* EmojiModel.xcdatamodeld */ = {
			isa = XCVersionGroup;
			children = (
				A3374D4F2A882786003E43F9 /* EmojiModel.xcdatamodel */,
			);
			currentVersion = A3374D4F2A882786003E43F9 /* EmojiModel.xcdatamodel */;
			path = EmojiModel.xcdatamodeld;
			sourceTree = "<group>";
			versionGroupType = wrapper.xcdatamodel;
		};
/* End XCVersionGroup section */
	};
	rootObject = 041C15332A72DAD600DCFC39 /* Project object */;
}
